// !$*UTF8*$!
{
	archiveVersion = 1;
	classes = {
	};
	objectVersion = 46;
	objects = {

/* Begin PBXBuildFile section */
		A76B36A91A4E3E90006895A5 /* AppDelegate.swift in Sources */ = {isa = PBXBuildFile; fileRef = A76B36A81A4E3E90006895A5 /* AppDelegate.swift */; };
		A76B36AB1A4E3E90006895A5 /* ViewController.swift in Sources */ = {isa = PBXBuildFile; fileRef = A76B36AA1A4E3E90006895A5 /* ViewController.swift */; };
		A76B36AE1A4E3E90006895A5 /* Main.storyboard in Resources */ = {isa = PBXBuildFile; fileRef = A76B36AC1A4E3E90006895A5 /* Main.storyboard */; };
		A76B36B01A4E3E90006895A5 /* Images.xcassets in Resources */ = {isa = PBXBuildFile; fileRef = A76B36AF1A4E3E90006895A5 /* Images.xcassets */; };
		A76B36B31A4E3E90006895A5 /* LaunchScreen.xib in Resources */ = {isa = PBXBuildFile; fileRef = A76B36B11A4E3E90006895A5 /* LaunchScreen.xib */; };
		A76B36BF1A4E3E90006895A5 /* TaskItTests.swift in Sources */ = {isa = PBXBuildFile; fileRef = A76B36BE1A4E3E90006895A5 /* TaskItTests.swift */; };
		A76B36C91A4E400A006895A5 /* TaskCell.swift in Sources */ = {isa = PBXBuildFile; fileRef = A76B36C81A4E4009006895A5 /* TaskCell.swift */; };
/* End PBXBuildFile section */

/* Begin PBXContainerItemProxy section */
		A76B36B91A4E3E90006895A5 /* PBXContainerItemProxy */ = {
			isa = PBXContainerItemProxy;
			containerPortal = A76B369B1A4E3E90006895A5 /* Project object */;
			proxyType = 1;
			remoteGlobalIDString = A76B36A21A4E3E90006895A5;
			remoteInfo = TaskIt;
		};
/* End PBXContainerItemProxy section */

/* Begin PBXFileReference section */
		A76B36A31A4E3E90006895A5 /* TaskIt.app */ = {isa = PBXFileReference; explicitFileType = wrapper.application; includeInIndex = 0; path = TaskIt.app; sourceTree = BUILT_PRODUCTS_DIR; };
		A76B36A71A4E3E90006895A5 /* Info.plist */ = {isa = PBXFileReference; lastKnownFileType = text.plist.xml; path = Info.plist; sourceTree = "<group>"; };
		A76B36A81A4E3E90006895A5 /* AppDelegate.swift */ = {isa = PBXFileReference; lastKnownFileType = sourcecode.swift; path = AppDelegate.swift; sourceTree = "<group>"; };
		A76B36AA1A4E3E90006895A5 /* ViewController.swift */ = {isa = PBXFileReference; lastKnownFileType = sourcecode.swift; path = ViewController.swift; sourceTree = "<group>"; };
		A76B36AD1A4E3E90006895A5 /* Base */ = {isa = PBXFileReference; lastKnownFileType = file.storyboard; name = Base; path = Base.lproj/Main.storyboard; sourceTree = "<group>"; };
		A76B36AF1A4E3E90006895A5 /* Images.xcassets */ = {isa = PBXFileReference; lastKnownFileType = folder.assetcatalog; path = Images.xcassets; sourceTree = "<group>"; };
		A76B36B21A4E3E90006895A5 /* Base */ = {isa = PBXFileReference; lastKnownFileType = file.xib; name = Base; path = Base.lproj/LaunchScreen.xib; sourceTree = "<group>"; };
		A76B36B81A4E3E90006895A5 /* TaskItTests.xctest */ = {isa = PBXFileReference; explicitFileType = wrapper.cfbundle; includeInIndex = 0; path = TaskItTests.xctest; sourceTree = BUILT_PRODUCTS_DIR; };
		A76B36BD1A4E3E90006895A5 /* Info.plist */ = {isa = PBXFileReference; lastKnownFileType = text.plist.xml; path = Info.plist; sourceTree = "<group>"; };
		A76B36BE1A4E3E90006895A5 /* TaskItTests.swift */ = {isa = PBXFileReference; lastKnownFileType = sourcecode.swift; path = TaskItTests.swift; sourceTree = "<group>"; };
		A76B36C81A4E4009006895A5 /* TaskCell.swift */ = {isa = PBXFileReference; fileEncoding = 4; lastKnownFileType = sourcecode.swift; path = TaskCell.swift; sourceTree = "<group>"; };
/* End PBXFileReference section */

/* Begin PBXFrameworksBuildPhase section */
		A76B36A01A4E3E90006895A5 /* Frameworks */ = {
			isa = PBXFrameworksBuildPhase;
			buildActionMask = 2147483647;
			files = (
			);
			runOnlyForDeploymentPostprocessing = 0;
		};
		A76B36B51A4E3E90006895A5 /* Frameworks */ = {
			isa = PBXFrameworksBuildPhase;
			buildActionMask = 2147483647;
			files = (
			);
			runOnlyForDeploymentPostprocessing = 0;
		};
/* End PBXFrameworksBuildPhase section */

/* Begin PBXGroup section */
		A76B369A1A4E3E90006895A5 = {
			isa = PBXGroup;
			children = (
				A76B36A51A4E3E90006895A5 /* TaskIt */,
				A76B36BB1A4E3E90006895A5 /* TaskItTests */,
				A76B36A41A4E3E90006895A5 /* Products */,
			);
			sourceTree = "<group>";
		};
		A76B36A41A4E3E90006895A5 /* Products */ = {
			isa = PBXGroup;
			children = (
				A76B36A31A4E3E90006895A5 /* TaskIt.app */,
				A76B36B81A4E3E90006895A5 /* TaskItTests.xctest */,
			);
			name = Products;
			sourceTree = "<group>";
		};
		A76B36A51A4E3E90006895A5 /* TaskIt */ = {
			isa = PBXGroup;
			children = (
				A76B36A81A4E3E90006895A5 /* AppDelegate.swift */,
				A76B36AA1A4E3E90006895A5 /* ViewController.swift */,
				A76B36C81A4E4009006895A5 /* TaskCell.swift */,
				A76B36AC1A4E3E90006895A5 /* Main.storyboard */,
				A76B36AF1A4E3E90006895A5 /* Images.xcassets */,
				A76B36B11A4E3E90006895A5 /* LaunchScreen.xib */,
				A76B36A61A4E3E90006895A5 /* Supporting Files */,
			);
			path = TaskIt;
			sourceTree = "<group>";
		};
		A76B36A61A4E3E90006895A5 /* Supporting Files */ = {
			isa = PBXGroup;
			children = (
				A76B36A71A4E3E90006895A5 /* Info.plist */,
			);
			name = "Supporting Files";
			sourceTree = "<group>";
		};
		A76B36BB1A4E3E90006895A5 /* TaskItTests */ = {
			isa = PBXGroup;
			children = (
				A76B36BE1A4E3E90006895A5 /* TaskItTests.swift */,
				A76B36BC1A4E3E90006895A5 /* Supporting Files */,
			);
			path = TaskItTests;
			sourceTree = "<group>";
		};
		A76B36BC1A4E3E90006895A5 /* Supporting Files */ = {
			isa = PBXGroup;
			children = (
				A76B36BD1A4E3E90006895A5 /* Info.plist */,
			);
			name = "Supporting Files";
			sourceTree = "<group>";
		};
/* End PBXGroup section */

/* Begin PBXNativeTarget section */
		A76B36A21A4E3E90006895A5 /* TaskIt */ = {
			isa = PBXNativeTarget;
			buildConfigurationList = A76B36C21A4E3E90006895A5 /* Build configuration list for PBXNativeTarget "TaskIt" */;
			buildPhases = (
				A76B369F1A4E3E90006895A5 /* Sources */,
				A76B36A01A4E3E90006895A5 /* Frameworks */,
				A76B36A11A4E3E90006895A5 /* Resources */,
			);
			buildRules = (
			);
			dependencies = (
			);
			name = TaskIt;
			productName = TaskIt;
			productReference = A76B36A31A4E3E90006895A5 /* TaskIt.app */;
			productType = "com.apple.product-type.application";
		};
		A76B36B71A4E3E90006895A5 /* TaskItTests */ = {
			isa = PBXNativeTarget;
			buildConfigurationList = A76B36C51A4E3E90006895A5 /* Build configuration list for PBXNativeTarget "TaskItTests" */;
			buildPhases = (
				A76B36B41A4E3E90006895A5 /* Sources */,
				A76B36B51A4E3E90006895A5 /* Frameworks */,
				A76B36B61A4E3E90006895A5 /* Resources */,
			);
			buildRules = (
			);
			dependencies = (
				A76B36BA1A4E3E90006895A5 /* PBXTargetDependency */,
			);
			name = TaskItTests;
			productName = TaskItTests;
			productReference = A76B36B81A4E3E90006895A5 /* TaskItTests.xctest */;
			productType = "com.apple.product-type.bundle.unit-test";
		};
/* End PBXNativeTarget section */

/* Begin PBXProject section */
		A76B369B1A4E3E90006895A5 /* Project object */ = {
			isa = PBXProject;
			attributes = {
				LastUpgradeCheck = 0610;
				ORGANIZATIONNAME = Yosemite;
				TargetAttributes = {
					A76B36A21A4E3E90006895A5 = {
						CreatedOnToolsVersion = 6.1;
					};
					A76B36B71A4E3E90006895A5 = {
						CreatedOnToolsVersion = 6.1;
						TestTargetID = A76B36A21A4E3E90006895A5;
					};
				};
			};
			buildConfigurationList = A76B369E1A4E3E90006895A5 /* Build configuration list for PBXProject "TaskIt" */;
			compatibilityVersion = "Xcode 3.2";
			developmentRegion = English;
			hasScannedForEncodings = 0;
			knownRegions = (
				en,
				Base,
			);
			mainGroup = A76B369A1A4E3E90006895A5;
			productRefGroup = A76B36A41A4E3E90006895A5 /* Products */;
			projectDirPath = "";
			projectRoot = "";
			targets = (
				A76B36A21A4E3E90006895A5 /* TaskIt */,
				A76B36B71A4E3E90006895A5 /* TaskItTests */,
			);
		};
/* End PBXProject section */

/* Begin PBXResourcesBuildPhase section */
		A76B36A11A4E3E90006895A5 /* Resources */ = {
			isa = PBXResourcesBuildPhase;
			buildActionMask = 2147483647;
			files = (
				A76B36AE1A4E3E90006895A5 /* Main.storyboard in Resources */,
				A76B36B31A4E3E90006895A5 /* LaunchScreen.xib in Resources */,
				A76B36B01A4E3E90006895A5 /* Images.xcassets in Resources */,
			);
			runOnlyForDeploymentPostprocessing = 0;
		};
		A76B36B61A4E3E90006895A5 /* Resources */ = {
			isa = PBXResourcesBuildPhase;
			buildActionMask = 2147483647;
			files = (
			);
			runOnlyForDeploymentPostprocessing = 0;
		};
/* End PBXResourcesBuildPhase section */

/* Begin PBXSourcesBuildPhase section */
		A76B369F1A4E3E90006895A5 /* Sources */ = {
			isa = PBXSourcesBuildPhase;
			buildActionMask = 2147483647;
			files = (
				A76B36AB1A4E3E90006895A5 /* ViewController.swift in Sources */,
				A76B36C91A4E400A006895A5 /* TaskCell.swift in Sources */,
				A76B36A91A4E3E90006895A5 /* AppDelegate.swift in Sources */,
			);
			runOnlyForDeploymentPostprocessing = 0;
		};
		A76B36B41A4E3E90006895A5 /* Sources */ = {
			isa = PBXSourcesBuildPhase;
			buildActionMask = 2147483647;
			files = (
				A76B36BF1A4E3E90006895A5 /* TaskItTests.swift in Sources */,
			);
			runOnlyForDeploymentPostprocessing = 0;
		};
/* End PBXSourcesBuildPhase section */

/* Begin PBXTargetDependency section */
		A76B36BA1A4E3E90006895A5 /* PBXTargetDependency */ = {
			isa = PBXTargetDependency;
			target = A76B36A21A4E3E90006895A5 /* TaskIt */;
			targetProxy = A76B36B91A4E3E90006895A5 /* PBXContainerItemProxy */;
		};
/* End PBXTargetDependency section */

/* Begin PBXVariantGroup section */
		A76B36AC1A4E3E90006895A5 /* Main.storyboard */ = {
			isa = PBXVariantGroup;
			children = (
				A76B36AD1A4E3E90006895A5 /* Base */,
			);
			name = Main.storyboard;
			sourceTree = "<group>";
		};
		A76B36B11A4E3E90006895A5 /* LaunchScreen.xib */ = {
			isa = PBXVariantGroup;
			children = (
				A76B36B21A4E3E90006895A5 /* Base */,
			);
			name = LaunchScreen.xib;
			sourceTree = "<group>";
		};
/* End PBXVariantGroup section */

/* Begin XCBuildConfiguration section */
		A76B36C01A4E3E90006895A5 /* Debug */ = {
			isa = XCBuildConfiguration;
			buildSettings = {
				ALWAYS_SEARCH_USER_PATHS = NO;
				CLANG_CXX_LANGUAGE_STANDARD = "gnu++0x";
				CLANG_CXX_LIBRARY = "libc++";
				CLANG_ENABLE_MODULES = YES;
				CLANG_ENABLE_OBJC_ARC = YES;
				CLANG_WARN_BOOL_CONVERSION = YES;
				CLANG_WARN_CONSTANT_CONVERSION = YES;
				CLANG_WARN_DIRECT_OBJC_ISA_USAGE = YES_ERROR;
				CLANG_WARN_EMPTY_BODY = YES;
				CLANG_WARN_ENUM_CONVERSION = YES;
				CLANG_WARN_INT_CONVERSION = YES;
				CLANG_WARN_OBJC_ROOT_CLASS = YES_ERROR;
				CLANG_WARN_UNREACHABLE_CODE = YES;
				CLANG_WARN__DUPLICATE_METHOD_MATCH = YES;
				"CODE_SIGN_IDENTITY[sdk=iphoneos*]" = "iPhone Developer";
				COPY_PHASE_STRIP = NO;
				ENABLE_STRICT_OBJC_MSGSEND = YES;
				GCC_C_LANGUAGE_STANDARD = gnu99;
				GCC_DYNAMIC_NO_PIC = NO;
				GCC_OPTIMIZATION_LEVEL = 0;
				GCC_PREPROCESSOR_DEFINITIONS = (
					"DEBUG=1",
					"$(inherited)",
				);
				GCC_SYMBOLS_PRIVATE_EXTERN = NO;
				GCC_WARN_64_TO_32_BIT_CONVERSION = YES;
				GCC_WARN_ABOUT_RETURN_TYPE = YES_ERROR;
				GCC_WARN_UNDECLARED_SELECTOR = YES;
				GCC_WARN_UNINITIALIZED_AUTOS = YES_AGGRESSIVE;
				GCC_WARN_UNUSED_FUNCTION = YES;
				GCC_WARN_UNUSED_VARIABLE = YES;
				IPHONEOS_DEPLOYMENT_TARGET = 8.1;
				MTL_ENABLE_DEBUG_INFO = YES;
				ONLY_ACTIVE_ARCH = YES;
				SDKROOT = iphoneos;
				SWIFT_OPTIMIZATION_LEVEL = "-Onone";
				TARGETED_DEVICE_FAMILY = "1,2";
			};
			name = Debug;
		};
		A76B36C11A4E3E90006895A5 /* Release */ = {
			isa = XCBuildConfiguration;
			buildSettings = {
				ALWAYS_SEARCH_USER_PATHS = NO;
				CLANG_CXX_LANGUAGE_STANDARD = "gnu++0x";
				CLANG_CXX_LIBRARY = "libc++";
				CLANG_ENABLE_MODULES = YES;
				CLANG_ENABLE_OBJC_ARC = YES;
				CLANG_WARN_BOOL_CONVERSION = YES;
				CLANG_WARN_CONSTANT_CONVERSION = YES;
				CLANG_WARN_DIRECT_OBJC_ISA_USAGE = YES_ERROR;
				CLANG_WARN_EMPTY_BODY = YES;
				CLANG_WARN_ENUM_CONVERSION = YES;
				CLANG_WARN_INT_CONVERSION = YES;
				CLANG_WARN_OBJC_ROOT_CLASS = YES_ERROR;
				CLANG_WARN_UNREACHABLE_CODE = YES;
				CLANG_WARN__DUPLICATE_METHOD_MATCH = YES;
				"CODE_SIGN_IDENTITY[sdk=iphoneos*]" = "iPhone Developer";
				COPY_PHASE_STRIP = YES;
				ENABLE_NS_ASSERTIONS = NO;
				ENABLE_STRICT_OBJC_MSGSEND = YES;
				GCC_C_LANGUAGE_STANDARD = gnu99;
				GCC_WARN_64_TO_32_BIT_CONVERSION = YES;
				GCC_WARN_ABOUT_RETURN_TYPE = YES_ERROR;
				GCC_WARN_UNDECLARED_SELECTOR = YES;
				GCC_WARN_UNINITIALIZED_AUTOS = YES_AGGRESSIVE;
				GCC_WARN_UNUSED_FUNCTION = YES;
				GCC_WARN_UNUSED_VARIABLE = YES;
				IPHONEOS_DEPLOYMENT_TARGET = 8.1;
				MTL_ENABLE_DEBUG_INFO = NO;
				SDKROOT = iphoneos;
				TARGETED_DEVICE_FAMILY = "1,2";
				VALIDATE_PRODUCT = YES;
			};
			name = Release;
		};
		A76B36C31A4E3E90006895A5 /* Debug */ = {
			isa = XCBuildConfiguration;
			buildSettings = {
				ASSETCATALOG_COMPILER_APPICON_NAME = AppIcon;
				INFOPLIST_FILE = TaskIt/Info.plist;
				LD_RUNPATH_SEARCH_PATHS = "$(inherited) @executable_path/Frameworks";
				PRODUCT_NAME = "$(TARGET_NAME)";
			};
			name = Debug;
		};
		A76B36C41A4E3E90006895A5 /* Release */ = {
			isa = XCBuildConfiguration;
			buildSettings = {
				ASSETCATALOG_COMPILER_APPICON_NAME = AppIcon;
				INFOPLIST_FILE = TaskIt/Info.plist;
				LD_RUNPATH_SEARCH_PATHS = "$(inherited) @executable_path/Frameworks";
				PRODUCT_NAME = "$(TARGET_NAME)";
			};
			name = Release;
		};
		A76B36C61A4E3E90006895A5 /* Debug */ = {
			isa = XCBuildConfiguration;
			buildSettings = {
				BUNDLE_LOADER = "$(TEST_HOST)";
				FRAMEWORK_SEARCH_PATHS = (
					"$(SDKROOT)/Developer/Library/Frameworks",
					"$(inherited)",
				);
				GCC_PREPROCESSOR_DEFINITIONS = (
					"DEBUG=1",
					"$(inherited)",
				);
				INFOPLIST_FILE = TaskItTests/Info.plist;
				LD_RUNPATH_SEARCH_PATHS = "$(inherited) @executable_path/Frameworks @loader_path/Frameworks";
				PRODUCT_NAME = "$(TARGET_NAME)";
				TEST_HOST = "$(BUILT_PRODUCTS_DIR)/TaskIt.app/TaskIt";
			};
			name = Debug;
		};
		A76B36C71A4E3E90006895A5 /* Release */ = {
			isa = XCBuildConfiguration;
			buildSettings = {
				BUNDLE_LOADER = "$(TEST_HOST)";
				FRAMEWORK_SEARCH_PATHS = (
					"$(SDKROOT)/Developer/Library/Frameworks",
					"$(inherited)",
				);
				INFOPLIST_FILE = TaskItTests/Info.plist;
				LD_RUNPATH_SEARCH_PATHS = "$(inherited) @executable_path/Frameworks @loader_path/Frameworks";
				PRODUCT_NAME = "$(TARGET_NAME)";
				TEST_HOST = "$(BUILT_PRODUCTS_DIR)/TaskIt.app/TaskIt";
			};
			name = Release;
		};
/* End XCBuildConfiguration section */

/* Begin XCConfigurationList section */
		A76B369E1A4E3E90006895A5 /* Build configuration list for PBXProject "TaskIt" */ = {
			isa = XCConfigurationList;
			buildConfigurations = (
				A76B36C01A4E3E90006895A5 /* Debug */,
				A76B36C11A4E3E90006895A5 /* Release */,
			);
			defaultConfigurationIsVisible = 0;
			defaultConfigurationName = Release;
		};
		A76B36C21A4E3E90006895A5 /* Build configuration list for PBXNativeTarget "TaskIt" */ = {
			isa = XCConfigurationList;
			buildConfigurations = (
				A76B36C31A4E3E90006895A5 /* Debug */,
				A76B36C41A4E3E90006895A5 /* Release */,
			);
			defaultConfigurationIsVisible = 0;
		};
		A76B36C51A4E3E90006895A5 /* Build configuration list for PBXNativeTarget "TaskItTests" */ = {
			isa = XCConfigurationList;
			buildConfigurations = (
				A76B36C61A4E3E90006895A5 /* Debug */,
				A76B36C71A4E3E90006895A5 /* Release */,
			);
			defaultConfigurationIsVisible = 0;
		};
/* End XCConfigurationList section */
	};
	rootObject = A76B369B1A4E3E90006895A5 /* Project object */;
}
